
Microsoft Visual Studio Solution File, Format Version 12.00
# Visual Studio Version 16
VisualStudioVersion = 16.0.31727.386
MinimumVisualStudioVersion = 10.0.40219.1
Project("{FAE04EC0-301F-11D3-BF4B-00C04F79EFBC}") = "D01_HTML", "D01_HTML\D01_HTML.csproj", "{3E097F07-E68B-4AE8-AD73-F79E4E4A4D6A}"
EndProject
Project("{FAE04EC0-301F-11D3-BF4B-00C04F79EFBC}") = "D02_CSS", "D02_CSS\D02_CSS.csproj", "{7731FEBA-4C23-460D-BE2B-D162839CEA36}"
EndProject
Project("{FAE04EC0-301F-11D3-BF4B-00C04F79EFBC}") = "D03_JavaScript", "D03_JavaScript\D03_JavaScript.csproj", "{AC316DA9-5A95-41BE-B795-5EEE43EB13C4}"
EndProject
Project("{FAE04EC0-301F-11D3-BF4B-00C04F79EFBC}") = "D04_Bootstrap", "D04_Bootstrap\D04_Bootstrap.csproj", "{18410A96-891C-43C8-8A0D-7FFA5DBC1159}"
EndProject
Project("{FAE04EC0-301F-11D3-BF4B-00C04F79EFBC}") = "D05_ASP.NET_WebForms", "D05_ASP.NET_WebForms\D05_ASP.NET_WebForms.csproj", "{A83C289C-3A3E-4D8D-9E96-52FEE0A27261}"
EndProject
Project("{FAE04EC0-301F-11D3-BF4B-00C04F79EFBC}") = "D06_ASP.NET_MVC", "D06_ASP.NET_MVC\D06_ASP.NET_MVC.csproj", "{EA423FFA-69E0-495C-9D60-840F9893092D}"
EndProject
Project("{FAE04EC0-301F-11D3-BF4B-00C04F79EFBC}") = "D07_MVC_EF6_DF", "D07_MVC_EF6_DF\D07_MVC_EF6_DF.csproj", "{87AC6395-DA9C-4B8C-AE91-4CEB85557573}"
EndProject
Project("{FAE04EC0-301F-11D3-BF4B-00C04F79EFBC}") = "D08_MVC_EF6_DF", "D08_MVC_EF6_DF\D08_MVC_EF6_DF.csproj", "{E093C008-4235-44D1-B9E6-C07E6EDDF59A}"
EndProject
Project("{FAE04EC0-301F-11D3-BF4B-00C04F79EFBC}") = "D09_MVC_EF6_CF", "D09_MVC_EF6_CF\D09_MVC_EF6_CF.csproj", "{1DEB7B40-26A7-447E-8922-D6AC5494941B}"
EndProject
Project("{FAE04EC0-301F-11D3-BF4B-00C04F79EFBC}") = "D10_WebAPI_EF6", "D10_WebAPI_EF6\D10_WebAPI_EF6.csproj", "{A7D9BDE5-14A1-486C-AE93-B5841418F3F7}"
EndProject
Global
	GlobalSection(SolutionConfigurationPlatforms) = preSolution
		Debug|Any CPU = Debug|Any CPU
		Release|Any CPU = Release|Any CPU
	EndGlobalSection
	GlobalSection(ProjectConfigurationPlatforms) = postSolution
		{3E097F07-E68B-4AE8-AD73-F79E4E4A4D6A}.Debug|Any CPU.ActiveCfg = Debug|Any CPU
		{3E097F07-E68B-4AE8-AD73-F79E4E4A4D6A}.Debug|Any CPU.Build.0 = Debug|Any CPU
		{3E097F07-E68B-4AE8-AD73-F79E4E4A4D6A}.Release|Any CPU.ActiveCfg = Release|Any CPU
		{3E097F07-E68B-4AE8-AD73-F79E4E4A4D6A}.Release|Any CPU.Build.0 = Release|Any CPU
		{7731FEBA-4C23-460D-BE2B-D162839CEA36}.Debug|Any CPU.ActiveCfg = Debug|Any CPU
		{7731FEBA-4C23-460D-BE2B-D162839CEA36}.Debug|Any CPU.Build.0 = Debug|Any CPU
		{7731FEBA-4C23-460D-BE2B-D162839CEA36}.Release|Any CPU.ActiveCfg = Release|Any CPU
		{7731FEBA-4C23-460D-BE2B-D162839CEA36}.Release|Any CPU.Build.0 = Release|Any CPU
		{AC316DA9-5A95-41BE-B795-5EEE43EB13C4}.Debug|Any CPU.ActiveCfg = Debug|Any CPU
		{AC316DA9-5A95-41BE-B795-5EEE43EB13C4}.Debug|Any CPU.Build.0 = Debug|Any CPU
		{AC316DA9-5A95-41BE-B795-5EEE43EB13C4}.Release|Any CPU.ActiveCfg = Release|Any CPU
		{AC316DA9-5A95-41BE-B795-5EEE43EB13C4}.Release|Any CPU.Build.0 = Release|Any CPU
		{18410A96-891C-43C8-8A0D-7FFA5DBC1159}.Debug|Any CPU.ActiveCfg = Debug|Any CPU
		{18410A96-891C-43C8-8A0D-7FFA5DBC1159}.Debug|Any CPU.Build.0 = Debug|Any CPU
		{18410A96-891C-43C8-8A0D-7FFA5DBC1159}.Release|Any CPU.ActiveCfg = Release|Any CPU
		{18410A96-891C-43C8-8A0D-7FFA5DBC1159}.Release|Any CPU.Build.0 = Release|Any CPU
		{A83C289C-3A3E-4D8D-9E96-52FEE0A27261}.Debug|Any CPU.ActiveCfg = Debug|Any CPU
		{A83C289C-3A3E-4D8D-9E96-52FEE0A27261}.Debug|Any CPU.Build.0 = Debug|Any CPU
		{A83C289C-3A3E-4D8D-9E96-52FEE0A27261}.Release|Any CPU.ActiveCfg = Release|Any CPU
		{A83C289C-3A3E-4D8D-9E96-52FEE0A27261}.Release|Any CPU.Build.0 = Release|Any CPU
		{EA423FFA-69E0-495C-9D60-840F9893092D}.Debug|Any CPU.ActiveCfg = Debug|Any CPU
		{EA423FFA-69E0-495C-9D60-840F9893092D}.Debug|Any CPU.Build.0 = Debug|Any CPU
		{EA423FFA-69E0-495C-9D60-840F9893092D}.Release|Any CPU.ActiveCfg = Release|Any CPU
		{EA423FFA-69E0-495C-9D60-840F9893092D}.Release|Any CPU.Build.0 = Release|Any CPU
		{87AC6395-DA9C-4B8C-AE91-4CEB85557573}.Debug|Any CPU.ActiveCfg = Debug|Any CPU
		{87AC6395-DA9C-4B8C-AE91-4CEB85557573}.Debug|Any CPU.Build.0 = Debug|Any CPU
		{87AC6395-DA9C-4B8C-AE91-4CEB85557573}.Release|Any CPU.ActiveCfg = Release|Any CPU
		{87AC6395-DA9C-4B8C-AE91-4CEB85557573}.Release|Any CPU.Build.0 = Release|Any CPU
		{E093C008-4235-44D1-B9E6-C07E6EDDF59A}.Debug|Any CPU.ActiveCfg = Debug|Any CPU
		{E093C008-4235-44D1-B9E6-C07E6EDDF59A}.Debug|Any CPU.Build.0 = Debug|Any CPU
		{E093C008-4235-44D1-B9E6-C07E6EDDF59A}.Release|Any CPU.ActiveCfg = Release|Any CPU
		{E093C008-4235-44D1-B9E6-C07E6EDDF59A}.Release|Any CPU.Build.0 = Release|Any CPU
		{1DEB7B40-26A7-447E-8922-D6AC5494941B}.Debug|Any CPU.ActiveCfg = Debug|Any CPU
		{1DEB7B40-26A7-447E-8922-D6AC5494941B}.Debug|Any CPU.Build.0 = Debug|Any CPU
		{1DEB7B40-26A7-447E-8922-D6AC5494941B}.Release|Any CPU.ActiveCfg = Release|Any CPU
		{1DEB7B40-26A7-447E-8922-D6AC5494941B}.Release|Any CPU.Build.0 = Release|Any CPU
		{A7D9BDE5-14A1-486C-AE93-B5841418F3F7}.Debug|Any CPU.ActiveCfg = Debug|Any CPU
		{A7D9BDE5-14A1-486C-AE93-B5841418F3F7}.Debug|Any CPU.Build.0 = Debug|Any CPU
		{A7D9BDE5-14A1-486C-AE93-B5841418F3F7}.Release|Any CPU.ActiveCfg = Release|Any CPU
		{A7D9BDE5-14A1-486C-AE93-B5841418F3F7}.Release|Any CPU.Build.0 = Release|Any CPU
	EndGlobalSection
	GlobalSection(SolutionProperties) = preSolution
		HideSolutionNode = FALSE
	EndGlobalSection
	GlobalSection(ExtensibilityGlobals) = postSolution
		SolutionGuid = {CA61C7F4-94A3-4A78-B689-A964EBB9084B}
	EndGlobalSection
EndGlobal
